// !$*UTF8*$!
{
	archiveVersion = 1;
	classes = {
	};
	objectVersion = 46;
	objects = {

/* Begin PBXBuildFile section */
		723AD5701F3D60660007D712 /* AppDelegate.swift in Sources */ = {isa = PBXBuildFile; fileRef = 723AD56F1F3D60660007D712 /* AppDelegate.swift */; };
		723AD5721F3D60660007D712 /* ViewController.swift in Sources */ = {isa = PBXBuildFile; fileRef = 723AD5711F3D60660007D712 /* ViewController.swift */; };
		723AD5751F3D60660007D712 /* Main.storyboard in Resources */ = {isa = PBXBuildFile; fileRef = 723AD5731F3D60660007D712 /* Main.storyboard */; };
		723AD5771F3D60660007D712 /* Assets.xcassets in Resources */ = {isa = PBXBuildFile; fileRef = 723AD5761F3D60660007D712 /* Assets.xcassets */; };
		723AD57A1F3D60660007D712 /* LaunchScreen.storyboard in Resources */ = {isa = PBXBuildFile; fileRef = 723AD5781F3D60660007D712 /* LaunchScreen.storyboard */; };
		723AD5851F3D60660007D712 /* UofTCourseReviewTests.swift in Sources */ = {isa = PBXBuildFile; fileRef = 723AD5841F3D60660007D712 /* UofTCourseReviewTests.swift */; };
		723AD5901F3D60660007D712 /* UofTCourseReviewUITests.swift in Sources */ = {isa = PBXBuildFile; fileRef = 723AD58F1F3D60660007D712 /* UofTCourseReviewUITests.swift */; };
/* End PBXBuildFile section */

/* Begin PBXContainerItemProxy section */
		723AD5811F3D60660007D712 /* PBXContainerItemProxy */ = {
			isa = PBXContainerItemProxy;
			containerPortal = 723AD5641F3D60660007D712 /* Project object */;
			proxyType = 1;
			remoteGlobalIDString = 723AD56B1F3D60660007D712;
			remoteInfo = UofTCourseReview;
		};
		723AD58C1F3D60660007D712 /* PBXContainerItemProxy */ = {
			isa = PBXContainerItemProxy;
			containerPortal = 723AD5641F3D60660007D712 /* Project object */;
			proxyType = 1;
			remoteGlobalIDString = 723AD56B1F3D60660007D712;
			remoteInfo = UofTCourseReview;
		};
/* End PBXContainerItemProxy section */

/* Begin PBXFileReference section */
		723AD56C1F3D60660007D712 /* UofTCourseReview.app */ = {isa = PBXFileReference; explicitFileType = wrapper.application; includeInIndex = 0; path = UofTCourseReview.app; sourceTree = BUILT_PRODUCTS_DIR; };
		723AD56F1F3D60660007D712 /* AppDelegate.swift */ = {isa = PBXFileReference; lastKnownFileType = sourcecode.swift; path = AppDelegate.swift; sourceTree = "<group>"; };
		723AD5711F3D60660007D712 /* ViewController.swift */ = {isa = PBXFileReference; lastKnownFileType = sourcecode.swift; path = ViewController.swift; sourceTree = "<group>"; };
		723AD5741F3D60660007D712 /* Base */ = {isa = PBXFileReference; lastKnownFileType = file.storyboard; name = Base; path = Base.lproj/Main.storyboard; sourceTree = "<group>"; };
		723AD5761F3D60660007D712 /* Assets.xcassets */ = {isa = PBXFileReference; lastKnownFileType = folder.assetcatalog; path = Assets.xcassets; sourceTree = "<group>"; };
		723AD5791F3D60660007D712 /* Base */ = {isa = PBXFileReference; lastKnownFileType = file.storyboard; name = Base; path = Base.lproj/LaunchScreen.storyboard; sourceTree = "<group>"; };
		723AD57B1F3D60660007D712 /* Info.plist */ = {isa = PBXFileReference; lastKnownFileType = text.plist.xml; path = Info.plist; sourceTree = "<group>"; };
		723AD5801F3D60660007D712 /* UofTCourseReviewTests.xctest */ = {isa = PBXFileReference; explicitFileType = wrapper.cfbundle; includeInIndex = 0; path = UofTCourseReviewTests.xctest; sourceTree = BUILT_PRODUCTS_DIR; };
		723AD5841F3D60660007D712 /* UofTCourseReviewTests.swift */ = {isa = PBXFileReference; lastKnownFileType = sourcecode.swift; path = UofTCourseReviewTests.swift; sourceTree = "<group>"; };
		723AD5861F3D60660007D712 /* Info.plist */ = {isa = PBXFileReference; lastKnownFileType = text.plist.xml; path = Info.plist; sourceTree = "<group>"; };
		723AD58B1F3D60660007D712 /* UofTCourseReviewUITests.xctest */ = {isa = PBXFileReference; explicitFileType = wrapper.cfbundle; includeInIndex = 0; path = UofTCourseReviewUITests.xctest; sourceTree = BUILT_PRODUCTS_DIR; };
		723AD58F1F3D60660007D712 /* UofTCourseReviewUITests.swift */ = {isa = PBXFileReference; lastKnownFileType = sourcecode.swift; path = UofTCourseReviewUITests.swift; sourceTree = "<group>"; };
		723AD5911F3D60660007D712 /* Info.plist */ = {isa = PBXFileReference; lastKnownFileType = text.plist.xml; path = Info.plist; sourceTree = "<group>"; };
/* End PBXFileReference section */

/* Begin PBXFrameworksBuildPhase section */
		723AD5691F3D60660007D712 /* Frameworks */ = {
			isa = PBXFrameworksBuildPhase;
			buildActionMask = 2147483647;
			files = (
			);
			runOnlyForDeploymentPostprocessing = 0;
		};
		723AD57D1F3D60660007D712 /* Frameworks */ = {
			isa = PBXFrameworksBuildPhase;
			buildActionMask = 2147483647;
			files = (
			);
			runOnlyForDeploymentPostprocessing = 0;
		};
		723AD5881F3D60660007D712 /* Frameworks */ = {
			isa = PBXFrameworksBuildPhase;
			buildActionMask = 2147483647;
			files = (
			);
			runOnlyForDeploymentPostprocessing = 0;
		};
/* End PBXFrameworksBuildPhase section */

/* Begin PBXGroup section */
		723AD5631F3D60660007D712 = {
			isa = PBXGroup;
			children = (
				723AD56E1F3D60660007D712 /* UofTCourseReview */,
				723AD5831F3D60660007D712 /* UofTCourseReviewTests */,
				723AD58E1F3D60660007D712 /* UofTCourseReviewUITests */,
				723AD56D1F3D60660007D712 /* Products */,
			);
			sourceTree = "<group>";
		};
		723AD56D1F3D60660007D712 /* Products */ = {
			isa = PBXGroup;
			children = (
				723AD56C1F3D60660007D712 /* UofTCourseReview.app */,
				723AD5801F3D60660007D712 /* UofTCourseReviewTests.xctest */,
				723AD58B1F3D60660007D712 /* UofTCourseReviewUITests.xctest */,
			);
			name = Products;
			sourceTree = "<group>";
		};
		723AD56E1F3D60660007D712 /* UofTCourseReview */ = {
			isa = PBXGroup;
			children = (
				723AD56F1F3D60660007D712 /* AppDelegate.swift */,
				723AD5711F3D60660007D712 /* ViewController.swift */,
				723AD5731F3D60660007D712 /* Main.storyboard */,
				723AD5761F3D60660007D712 /* Assets.xcassets */,
				723AD5781F3D60660007D712 /* LaunchScreen.storyboard */,
				723AD57B1F3D60660007D712 /* Info.plist */,
			);
			path = UofTCourseReview;
			sourceTree = "<group>";
		};
		723AD5831F3D60660007D712 /* UofTCourseReviewTests */ = {
			isa = PBXGroup;
			children = (
				723AD5841F3D60660007D712 /* UofTCourseReviewTests.swift */,
				723AD5861F3D60660007D712 /* Info.plist */,
			);
			path = UofTCourseReviewTests;
			sourceTree = "<group>";
		};
		723AD58E1F3D60660007D712 /* UofTCourseReviewUITests */ = {
			isa = PBXGroup;
			children = (
				723AD58F1F3D60660007D712 /* UofTCourseReviewUITests.swift */,
				723AD5911F3D60660007D712 /* Info.plist */,
			);
			path = UofTCourseReviewUITests;
			sourceTree = "<group>";
		};
/* End PBXGroup section */

/* Begin PBXNativeTarget section */
		723AD56B1F3D60660007D712 /* UofTCourseReview */ = {
			isa = PBXNativeTarget;
			buildConfigurationList = 723AD5941F3D60660007D712 /* Build configuration list for PBXNativeTarget "UofTCourseReview" */;
			buildPhases = (
				723AD5681F3D60660007D712 /* Sources */,
				723AD5691F3D60660007D712 /* Frameworks */,
				723AD56A1F3D60660007D712 /* Resources */,
			);
			buildRules = (
			);
			dependencies = (
			);
			name = UofTCourseReview;
			productName = UofTCourseReview;
			productReference = 723AD56C1F3D60660007D712 /* UofTCourseReview.app */;
			productType = "com.apple.product-type.application";
		};
		723AD57F1F3D60660007D712 /* UofTCourseReviewTests */ = {
			isa = PBXNativeTarget;
			buildConfigurationList = 723AD5971F3D60660007D712 /* Build configuration list for PBXNativeTarget "UofTCourseReviewTests" */;
			buildPhases = (
				723AD57C1F3D60660007D712 /* Sources */,
				723AD57D1F3D60660007D712 /* Frameworks */,
				723AD57E1F3D60660007D712 /* Resources */,
			);
			buildRules = (
			);
			dependencies = (
				723AD5821F3D60660007D712 /* PBXTargetDependency */,
			);
			name = UofTCourseReviewTests;
			productName = UofTCourseReviewTests;
			productReference = 723AD5801F3D60660007D712 /* UofTCourseReviewTests.xctest */;
			productType = "com.apple.product-type.bundle.unit-test";
		};
		723AD58A1F3D60660007D712 /* UofTCourseReviewUITests */ = {
			isa = PBXNativeTarget;
			buildConfigurationList = 723AD59A1F3D60660007D712 /* Build configuration list for PBXNativeTarget "UofTCourseReviewUITests" */;
			buildPhases = (
				723AD5871F3D60660007D712 /* Sources */,
				723AD5881F3D60660007D712 /* Frameworks */,
				723AD5891F3D60660007D712 /* Resources */,
			);
			buildRules = (
			);
			dependencies = (
				723AD58D1F3D60660007D712 /* PBXTargetDependency */,
			);
			name = UofTCourseReviewUITests;
			productName = UofTCourseReviewUITests;
			productReference = 723AD58B1F3D60660007D712 /* UofTCourseReviewUITests.xctest */;
			productType = "com.apple.product-type.bundle.ui-testing";
		};
/* End PBXNativeTarget section */

/* Begin PBXProject section */
		723AD5641F3D60660007D712 /* Project object */ = {
			isa = PBXProject;
			attributes = {
				LastSwiftUpdateCheck = 0830;
				LastUpgradeCheck = 0830;
				ORGANIZATIONNAME = "ziming li";
				TargetAttributes = {
					723AD56B1F3D60660007D712 = {
						CreatedOnToolsVersion = 8.3.3;
						DevelopmentTeam = 283DJ7CH6F;
						ProvisioningStyle = Automatic;
					};
					723AD57F1F3D60660007D712 = {
						CreatedOnToolsVersion = 8.3.3;
						DevelopmentTeam = 283DJ7CH6F;
						ProvisioningStyle = Automatic;
						TestTargetID = 723AD56B1F3D60660007D712;
					};
					723AD58A1F3D60660007D712 = {
						CreatedOnToolsVersion = 8.3.3;
						DevelopmentTeam = 283DJ7CH6F;
						ProvisioningStyle = Automatic;
						TestTargetID = 723AD56B1F3D60660007D712;
					};
				};
			};
			buildConfigurationList = 723AD5671F3D60660007D712 /* Build configuration list for PBXProject "UofTCourseReview" */;
			compatibilityVersion = "Xcode 3.2";
			developmentRegion = English;
			hasScannedForEncodings = 0;
			knownRegions = (
				en,
				Base,
			);
			mainGroup = 723AD5631F3D60660007D712;
			productRefGroup = 723AD56D1F3D60660007D712 /* Products */;
			projectDirPath = "";
			projectRoot = "";
			targets = (
				723AD56B1F3D60660007D712 /* UofTCourseReview */,
				723AD57F1F3D60660007D712 /* UofTCourseReviewTests */,
				723AD58A1F3D60660007D712 /* UofTCourseReviewUITests */,
			);
		};
/* End PBXProject section */

/* Begin PBXResourcesBuildPhase section */
		723AD56A1F3D60660007D712 /* Resources */ = {
			isa = PBXResourcesBuildPhase;
			buildActionMask = 2147483647;
			files = (
				723AD57A1F3D60660007D712 /* LaunchScreen.storyboard in Resources */,
				723AD5771F3D60660007D712 /* Assets.xcassets in Resources */,
				723AD5751F3D60660007D712 /* Main.storyboard in Resources */,
			);
			runOnlyForDeploymentPostprocessing = 0;
		};
		723AD57E1F3D60660007D712 /* Resources */ = {
			isa = PBXResourcesBuildPhase;
			buildActionMask = 2147483647;
			files = (
			);
			runOnlyForDeploymentPostprocessing = 0;
		};
		723AD5891F3D60660007D712 /* Resources */ = {
			isa = PBXResourcesBuildPhase;
			buildActionMask = 2147483647;
			files = (
			);
			runOnlyForDeploymentPostprocessing = 0;
		};
/* End PBXResourcesBuildPhase section */

/* Begin PBXSourcesBuildPhase section */
		723AD5681F3D60660007D712 /* Sources */ = {
			isa = PBXSourcesBuildPhase;
			buildActionMask = 2147483647;
			files = (
				723AD5721F3D60660007D712 /* ViewController.swift in Sources */,
				723AD5701F3D60660007D712 /* AppDelegate.swift in Sources */,
			);
			runOnlyForDeploymentPostprocessing = 0;
		};
		723AD57C1F3D60660007D712 /* Sources */ = {
			isa = PBXSourcesBuildPhase;
			buildActionMask = 2147483647;
			files = (
				723AD5851F3D60660007D712 /* UofTCourseReviewTests.swift in Sources */,
			);
			runOnlyForDeploymentPostprocessing = 0;
		};
		723AD5871F3D60660007D712 /* Sources */ = {
			isa = PBXSourcesBuildPhase;
			buildActionMask = 2147483647;
			files = (
				723AD5901F3D60660007D712 /* UofTCourseReviewUITests.swift in Sources */,
			);
			runOnlyForDeploymentPostprocessing = 0;
		};
/* End PBXSourcesBuildPhase section */

/* Begin PBXTargetDependency section */
		723AD5821F3D60660007D712 /* PBXTargetDependency */ = {
			isa = PBXTargetDependency;
			target = 723AD56B1F3D60660007D712 /* UofTCourseReview */;
			targetProxy = 723AD5811F3D60660007D712 /* PBXContainerItemProxy */;
		};
		723AD58D1F3D60660007D712 /* PBXTargetDependency */ = {
			isa = PBXTargetDependency;
			target = 723AD56B1F3D60660007D712 /* UofTCourseReview */;
			targetProxy = 723AD58C1F3D60660007D712 /* PBXContainerItemProxy */;
		};
/* End PBXTargetDependency section */

/* Begin PBXVariantGroup section */
		723AD5731F3D60660007D712 /* Main.storyboard */ = {
			isa = PBXVariantGroup;
			children = (
				723AD5741F3D60660007D712 /* Base */,
			);
			name = Main.storyboard;
			sourceTree = "<group>";
		};
		723AD5781F3D60660007D712 /* LaunchScreen.storyboard */ = {
			isa = PBXVariantGroup;
			children = (
				723AD5791F3D60660007D712 /* Base */,
			);
			name = LaunchScreen.storyboard;
			sourceTree = "<group>";
		};
/* End PBXVariantGroup section */

/* Begin XCBuildConfiguration section */
		723AD5921F3D60660007D712 /* Debug */ = {
			isa = XCBuildConfiguration;
			buildSettings = {
				ALWAYS_SEARCH_USER_PATHS = NO;
				CLANG_ANALYZER_NONNULL = YES;
				CLANG_ANALYZER_NUMBER_OBJECT_CONVERSION = YES_AGGRESSIVE;
				CLANG_CXX_LANGUAGE_STANDARD = "gnu++0x";
				CLANG_CXX_LIBRARY = "libc++";
				CLANG_ENABLE_MODULES = YES;
				CLANG_ENABLE_OBJC_ARC = YES;
				CLANG_WARN_BOOL_CONVERSION = YES;
				CLANG_WARN_CONSTANT_CONVERSION = YES;
				CLANG_WARN_DIRECT_OBJC_ISA_USAGE = YES_ERROR;
				CLANG_WARN_DOCUMENTATION_COMMENTS = YES;
				CLANG_WARN_EMPTY_BODY = YES;
				CLANG_WARN_ENUM_CONVERSION = YES;
				CLANG_WARN_INFINITE_RECURSION = YES;
				CLANG_WARN_INT_CONVERSION = YES;
				CLANG_WARN_OBJC_ROOT_CLASS = YES_ERROR;
				CLANG_WARN_SUSPICIOUS_MOVE = YES;
				CLANG_WARN_UNREACHABLE_CODE = YES;
				CLANG_WARN__DUPLICATE_METHOD_MATCH = YES;
				"CODE_SIGN_IDENTITY[sdk=iphoneos*]" = "iPhone Developer";
				COPY_PHASE_STRIP = NO;
				DEBUG_INFORMATION_FORMAT = dwarf;
				ENABLE_STRICT_OBJC_MSGSEND = YES;
				ENABLE_TESTABILITY = YES;
				GCC_C_LANGUAGE_STANDARD = gnu99;
				GCC_DYNAMIC_NO_PIC = NO;
				GCC_NO_COMMON_BLOCKS = YES;
				GCC_OPTIMIZATION_LEVEL = 0;
				GCC_PREPROCESSOR_DEFINITIONS = (
					"DEBUG=1",
					"$(inherited)",
				);
				GCC_WARN_64_TO_32_BIT_CONVERSION = YES;
				GCC_WARN_ABOUT_RETURN_TYPE = YES_ERROR;
				GCC_WARN_UNDECLARED_SELECTOR = YES;
				GCC_WARN_UNINITIALIZED_AUTOS = YES_AGGRESSIVE;
				GCC_WARN_UNUSED_FUNCTION = YES;
				GCC_WARN_UNUSED_VARIABLE = YES;
				IPHONEOS_DEPLOYMENT_TARGET = 10.3;
				MTL_ENABLE_DEBUG_INFO = YES;
				ONLY_ACTIVE_ARCH = YES;
				SDKROOT = iphoneos;
				SWIFT_ACTIVE_COMPILATION_CONDITIONS = DEBUG;
				SWIFT_OPTIMIZATION_LEVEL = "-Onone";
				TARGETED_DEVICE_FAMILY = "1,2";
			};
			name = Debug;
		};
		723AD5931F3D60660007D712 /* Release */ = {
			isa = XCBuildConfiguration;
			buildSettings = {
				ALWAYS_SEARCH_USER_PATHS = NO;
				CLANG_ANALYZER_NONNULL = YES;
				CLANG_ANALYZER_NUMBER_OBJECT_CONVERSION = YES_AGGRESSIVE;
				CLANG_CXX_LANGUAGE_STANDARD = "gnu++0x";
				CLANG_CXX_LIBRARY = "libc++";
				CLANG_ENABLE_MODULES = YES;
				CLANG_ENABLE_OBJC_ARC = YES;
				CLANG_WARN_BOOL_CONVERSION = YES;
				CLANG_WARN_CONSTANT_CONVERSION = YES;
				CLANG_WARN_DIRECT_OBJC_ISA_USAGE = YES_ERROR;
				CLANG_WARN_DOCUMENTATION_COMMENTS = YES;
				CLANG_WARN_EMPTY_BODY = YES;
				CLANG_WARN_ENUM_CONVERSION = YES;
				CLANG_WARN_INFINITE_RECURSION = YES;
				CLANG_WARN_INT_CONVERSION = YES;
				CLANG_WARN_OBJC_ROOT_CLASS = YES_ERROR;
				CLANG_WARN_SUSPICIOUS_MOVE = YES;
				CLANG_WARN_UNREACHABLE_CODE = YES;
				CLANG_WARN__DUPLICATE_METHOD_MATCH = YES;
				"CODE_SIGN_IDENTITY[sdk=iphoneos*]" = "iPhone Developer";
				COPY_PHASE_STRIP = NO;
				DEBUG_INFORMATION_FORMAT = "dwarf-with-dsym";
				ENABLE_NS_ASSERTIONS = NO;
				ENABLE_STRICT_OBJC_MSGSEND = YES;
				GCC_C_LANGUAGE_STANDARD = gnu99;
				GCC_NO_COMMON_BLOCKS = YES;
				GCC_WARN_64_TO_32_BIT_CONVERSION = YES;
				GCC_WARN_ABOUT_RETURN_TYPE = YES_ERROR;
				GCC_WARN_UNDECLARED_SELECTOR = YES;
				GCC_WARN_UNINITIALIZED_AUTOS = YES_AGGRESSIVE;
				GCC_WARN_UNUSED_FUNCTION = YES;
				GCC_WARN_UNUSED_VARIABLE = YES;
				IPHONEOS_DEPLOYMENT_TARGET = 10.3;
				MTL_ENABLE_DEBUG_INFO = NO;
				SDKROOT = iphoneos;
				SWIFT_OPTIMIZATION_LEVEL = "-Owholemodule";
				TARGETED_DEVICE_FAMILY = "1,2";
				VALIDATE_PRODUCT = YES;
			};
			name = Release;
		};
		723AD5951F3D60660007D712 /* Debug */ = {
			isa = XCBuildConfiguration;
			buildSettings = {
				ASSETCATALOG_COMPILER_APPICON_NAME = AppIcon;
				DEVELOPMENT_TEAM = 283DJ7CH6F;
				INFOPLIST_FILE = UofTCourseReview/Info.plist;
				LD_RUNPATH_SEARCH_PATHS = "$(inherited) @executable_path/Frameworks";
				PRODUCT_BUNDLE_IDENTIFIER = com.Reymond.UofTCourseReview;
				PRODUCT_NAME = "$(TARGET_NAME)";
				SWIFT_VERSION = 3.0;
			};
			name = Debug;
		};
		723AD5961F3D60660007D712 /* Release */ = {
			isa = XCBuildConfiguration;
			buildSettings = {
				ASSETCATALOG_COMPILER_APPICON_NAME = AppIcon;
				DEVELOPMENT_TEAM = 283DJ7CH6F;
				INFOPLIST_FILE = UofTCourseReview/Info.plist;
				LD_RUNPATH_SEARCH_PATHS = "$(inherited) @executable_path/Frameworks";
				PRODUCT_BUNDLE_IDENTIFIER = com.Reymond.UofTCourseReview;
				PRODUCT_NAME = "$(TARGET_NAME)";
				SWIFT_VERSION = 3.0;
			};
			name = Release;
		};
		723AD5981F3D60660007D712 /* Debug */ = {
			isa = XCBuildConfiguration;
			buildSettings = {
				ALWAYS_EMBED_SWIFT_STANDARD_LIBRARIES = YES;
				BUNDLE_LOADER = "$(TEST_HOST)";
				DEVELOPMENT_TEAM = 283DJ7CH6F;
				INFOPLIST_FILE = UofTCourseReviewTests/Info.plist;
				LD_RUNPATH_SEARCH_PATHS = "$(inherited) @executable_path/Frameworks @loader_path/Frameworks";
				PRODUCT_BUNDLE_IDENTIFIER = com.Reymond.UofTCourseReviewTests;
				PRODUCT_NAME = "$(TARGET_NAME)";
				SWIFT_VERSION = 3.0;
				TEST_HOST = "$(BUILT_PRODUCTS_DIR)/UofTCourseReview.app/UofTCourseReview";
			};
			name = Debug;
		};
		723AD5991F3D60660007D712 /* Release */ = {
			isa = XCBuildConfiguration;
			buildSettings = {
				ALWAYS_EMBED_SWIFT_STANDARD_LIBRARIES = YES;
				BUNDLE_LOADER = "$(TEST_HOST)";
				DEVELOPMENT_TEAM = 283DJ7CH6F;
				INFOPLIST_FILE = UofTCourseReviewTests/Info.plist;
				LD_RUNPATH_SEARCH_PATHS = "$(inherited) @executable_path/Frameworks @loader_path/Frameworks";
				PRODUCT_BUNDLE_IDENTIFIER = com.Reymond.UofTCourseReviewTests;
				PRODUCT_NAME = "$(TARGET_NAME)";
				SWIFT_VERSION = 3.0;
				TEST_HOST = "$(BUILT_PRODUCTS_DIR)/UofTCourseReview.app/UofTCourseReview";
			};
			name = Release;
		};
		723AD59B1F3D60660007D712 /* Debug */ = {
			isa = XCBuildConfiguration;
			buildSettings = {
				ALWAYS_EMBED_SWIFT_STANDARD_LIBRARIES = YES;
				DEVELOPMENT_TEAM = 283DJ7CH6F;
				INFOPLIST_FILE = UofTCourseReviewUITests/Info.plist;
				LD_RUNPATH_SEARCH_PATHS = "$(inherited) @executable_path/Frameworks @loader_path/Frameworks";
				PRODUCT_BUNDLE_IDENTIFIER = com.Reymond.UofTCourseReviewUITests;
				PRODUCT_NAME = "$(TARGET_NAME)";
				SWIFT_VERSION = 3.0;
				TEST_TARGET_NAME = UofTCourseReview;
			};
			name = Debug;
		};
		723AD59C1F3D60660007D712 /* Release */ = {
			isa = XCBuildConfiguration;
			buildSettings = {
				ALWAYS_EMBED_SWIFT_STANDARD_LIBRARIES = YES;
				DEVELOPMENT_TEAM = 283DJ7CH6F;
				INFOPLIST_FILE = UofTCourseReviewUITests/Info.plist;
				LD_RUNPATH_SEARCH_PATHS = "$(inherited) @executable_path/Frameworks @loader_path/Frameworks";
				PRODUCT_BUNDLE_IDENTIFIER = com.Reymond.UofTCourseReviewUITests;
				PRODUCT_NAME = "$(TARGET_NAME)";
				SWIFT_VERSION = 3.0;
				TEST_TARGET_NAME = UofTCourseReview;
			};
			name = Release;
		};
/* End XCBuildConfiguration section */

/* Begin XCConfigurationList section */
		723AD5671F3D60660007D712 /* Build configuration list for PBXProject "UofTCourseReview" */ = {
			isa = XCConfigurationList;
			buildConfigurations = (
				723AD5921F3D60660007D712 /* Debug */,
				723AD5931F3D60660007D712 /* Release */,
			);
			defaultConfigurationIsVisible = 0;
			defaultConfigurationName = Release;
		};
		723AD5941F3D60660007D712 /* Build configuration list for PBXNativeTarget "UofTCourseReview" */ = {
			isa = XCConfigurationList;
			buildConfigurations = (
				723AD5951F3D60660007D712 /* Debug */,
				723AD5961F3D60660007D712 /* Release */,
			);
			defaultConfigurationIsVisible = 0;
		};
		723AD5971F3D60660007D712 /* Build configuration list for PBXNativeTarget "UofTCourseReviewTests" */ = {
			isa = XCConfigurationList;
			buildConfigurations = (
				723AD5981F3D60660007D712 /* Debug */,
				723AD5991F3D60660007D712 /* Release */,
			);
			defaultConfigurationIsVisible = 0;
		};
		723AD59A1F3D60660007D712 /* Build configuration list for PBXNativeTarget "UofTCourseReviewUITests" */ = {
			isa = XCConfigurationList;
			buildConfigurations = (
				723AD59B1F3D60660007D712 /* Debug */,
				723AD59C1F3D60660007D712 /* Release */,
			);
			defaultConfigurationIsVisible = 0;
		};
/* End XCConfigurationList section */
	};
	rootObject = 723AD5641F3D60660007D712 /* Project object */;
}
